// !$*UTF8*$!
{
	archiveVersion = 1;
	classes = {
	};
	objectVersion = 46;
	objects = {

/* Begin PBXBuildFile section */
		180731071CE77C090040D444 /* ZEVisitorView.swift in Sources */ = {isa = PBXBuildFile; fileRef = 180731061CE77C090040D444 /* ZEVisitorView.swift */; };
		1825DD7B1CE7204200AC81D5 /* AppDelegate.swift in Sources */ = {isa = PBXBuildFile; fileRef = 1825DD7A1CE7204200AC81D5 /* AppDelegate.swift */; };
		1825DD7D1CE7204200AC81D5 /* ViewController.swift in Sources */ = {isa = PBXBuildFile; fileRef = 1825DD7C1CE7204200AC81D5 /* ViewController.swift */; };
		1825DD801CE7204200AC81D5 /* Main.storyboard in Resources */ = {isa = PBXBuildFile; fileRef = 1825DD7E1CE7204200AC81D5 /* Main.storyboard */; };
		1825DD821CE7204200AC81D5 /* Assets.xcassets in Resources */ = {isa = PBXBuildFile; fileRef = 1825DD811CE7204200AC81D5 /* Assets.xcassets */; };
		1825DD901CE7204200AC81D5 /* SwfitWeiBoTests.swift in Sources */ = {isa = PBXBuildFile; fileRef = 1825DD8F1CE7204200AC81D5 /* SwfitWeiBoTests.swift */; };
		1825DD9B1CE7204200AC81D5 /* SwfitWeiBoUITests.swift in Sources */ = {isa = PBXBuildFile; fileRef = 1825DD9A1CE7204200AC81D5 /* SwfitWeiBoUITests.swift */; };
		1825DDAF1CE721BB00AC81D5 /* ViewControllers.json in Resources */ = {isa = PBXBuildFile; fileRef = 1825DDAD1CE721BB00AC81D5 /* ViewControllers.json */; };
		1825DDB01CE721BB00AC81D5 /* ZEMainViewController.swift in Sources */ = {isa = PBXBuildFile; fileRef = 1825DDAE1CE721BB00AC81D5 /* ZEMainViewController.swift */; };
		1825DDB31CE7222500AC81D5 /* ZEHomeTableViewController.swift in Sources */ = {isa = PBXBuildFile; fileRef = 1825DDB21CE7222500AC81D5 /* ZEHomeTableViewController.swift */; };
		1825DDB51CE7224700AC81D5 /* ZEFindTableViewController.swift in Sources */ = {isa = PBXBuildFile; fileRef = 1825DDB41CE7224700AC81D5 /* ZEFindTableViewController.swift */; };
		1825DDB71CE7225200AC81D5 /* ZEMeTableViewController.swift in Sources */ = {isa = PBXBuildFile; fileRef = 1825DDB61CE7225200AC81D5 /* ZEMeTableViewController.swift */; };
		1825DDB91CE7225A00AC81D5 /* ZEMessageTableViewController.swift in Sources */ = {isa = PBXBuildFile; fileRef = 1825DDB81CE7225A00AC81D5 /* ZEMessageTableViewController.swift */; };
		1825DDBB1CE7330600AC81D5 /* ZENullViewController.swift in Sources */ = {isa = PBXBuildFile; fileRef = 1825DDBA1CE7330600AC81D5 /* ZENullViewController.swift */; };
		1825DDBD1CE733A000AC81D5 /* Images.xcassets in Resources */ = {isa = PBXBuildFile; fileRef = 1825DDBC1CE733A000AC81D5 /* Images.xcassets */; };
		1825DDBF1CE7676C00AC81D5 /* ZEBaseTableViewController.swift in Sources */ = {isa = PBXBuildFile; fileRef = 1825DDBE1CE7676C00AC81D5 /* ZEBaseTableViewController.swift */; };
		184E29031CF7E640006198A9 /* ZENameQRCodeViewController.swift in Sources */ = {isa = PBXBuildFile; fileRef = 184E29021CF7E640006198A9 /* ZENameQRCodeViewController.swift */; };
		1855C9AD1CEA2460006A19CA /* PopViewController.storyboard in Resources */ = {isa = PBXBuildFile; fileRef = 1855C9AC1CEA2460006A19CA /* PopViewController.storyboard */; };
		1855C9AF1CEA295D006A19CA /* ZEPopPresentationController.swift in Sources */ = {isa = PBXBuildFile; fileRef = 1855C9AE1CEA295D006A19CA /* ZEPopPresentationController.swift */; };
		18706B0B1CECAC2B00EE94F0 /* ZEPopverAnimator.swift in Sources */ = {isa = PBXBuildFile; fileRef = 18706B0A1CECAC2B00EE94F0 /* ZEPopverAnimator.swift */; };
		187B2A141CEDFF37009AC932 /* ZEQRCodeViewController.swift in Sources */ = {isa = PBXBuildFile; fileRef = 187B2A121CEDFF37009AC932 /* ZEQRCodeViewController.swift */; };
		187B2A171CEDFF63009AC932 /* QRCode.storyboard in Resources */ = {isa = PBXBuildFile; fileRef = 187B2A161CEDFF63009AC932 /* QRCode.storyboard */; };
		18BCC1631CE87F670036B280 /* UIBarButtonItem+Category.swift in Sources */ = {isa = PBXBuildFile; fileRef = 18BCC1621CE87F670036B280 /* UIBarButtonItem+Category.swift */; };
		18BCC1651CE8899B0036B280 /* ZETitileButton.swift in Sources */ = {isa = PBXBuildFile; fileRef = 18BCC1641CE8899B0036B280 /* ZETitileButton.swift */; };
		3EB9925D2B5FCECD8D9DB0CB /* Pods.framework in Frameworks */ = {isa = PBXBuildFile; fileRef = C7FCA90B50CB300E5DF2FF12 /* Pods.framework */; };
/* End PBXBuildFile section */

/* Begin PBXContainerItemProxy section */
		1825DD8C1CE7204200AC81D5 /* PBXContainerItemProxy */ = {
			isa = PBXContainerItemProxy;
			containerPortal = 1825DD6F1CE7204200AC81D5 /* Project object */;
			proxyType = 1;
			remoteGlobalIDString = 1825DD761CE7204200AC81D5;
			remoteInfo = SwfitWeiBo;
		};
		1825DD971CE7204200AC81D5 /* PBXContainerItemProxy */ = {
			isa = PBXContainerItemProxy;
			containerPortal = 1825DD6F1CE7204200AC81D5 /* Project object */;
			proxyType = 1;
			remoteGlobalIDString = 1825DD761CE7204200AC81D5;
			remoteInfo = SwfitWeiBo;
		};
/* End PBXContainerItemProxy section */

/* Begin PBXCopyFilesBuildPhase section */
		184E29041CF82524006198A9 /* CopyFiles */ = {
			isa = PBXCopyFilesBuildPhase;
			buildActionMask = 2147483647;
			dstPath = "";
			dstSubfolderSpec = 10;
			files = (
			);
			runOnlyForDeploymentPostprocessing = 0;
		};
/* End PBXCopyFilesBuildPhase section */

/* Begin PBXFileReference section */
		180731061CE77C090040D444 /* ZEVisitorView.swift */ = {isa = PBXFileReference; fileEncoding = 4; lastKnownFileType = sourcecode.swift; path = ZEVisitorView.swift; sourceTree = "<group>"; };
		1825DD771CE7204200AC81D5 /* SwfitWeiBo.app */ = {isa = PBXFileReference; explicitFileType = wrapper.application; includeInIndex = 0; path = SwfitWeiBo.app; sourceTree = BUILT_PRODUCTS_DIR; };
		1825DD7A1CE7204200AC81D5 /* AppDelegate.swift */ = {isa = PBXFileReference; lastKnownFileType = sourcecode.swift; path = AppDelegate.swift; sourceTree = "<group>"; };
		1825DD7C1CE7204200AC81D5 /* ViewController.swift */ = {isa = PBXFileReference; lastKnownFileType = sourcecode.swift; path = ViewController.swift; sourceTree = "<group>"; };
		1825DD7F1CE7204200AC81D5 /* Base */ = {isa = PBXFileReference; lastKnownFileType = file.storyboard; name = Base; path = Base.lproj/Main.storyboard; sourceTree = "<group>"; };
		1825DD811CE7204200AC81D5 /* Assets.xcassets */ = {isa = PBXFileReference; lastKnownFileType = folder.assetcatalog; path = Assets.xcassets; sourceTree = "<group>"; };
		1825DD861CE7204200AC81D5 /* Info.plist */ = {isa = PBXFileReference; lastKnownFileType = text.plist.xml; path = Info.plist; sourceTree = "<group>"; };
		1825DD8B1CE7204200AC81D5 /* SwfitWeiBoTests.xctest */ = {isa = PBXFileReference; explicitFileType = wrapper.cfbundle; includeInIndex = 0; path = SwfitWeiBoTests.xctest; sourceTree = BUILT_PRODUCTS_DIR; };
		1825DD8F1CE7204200AC81D5 /* SwfitWeiBoTests.swift */ = {isa = PBXFileReference; lastKnownFileType = sourcecode.swift; path = SwfitWeiBoTests.swift; sourceTree = "<group>"; };
		1825DD911CE7204200AC81D5 /* Info.plist */ = {isa = PBXFileReference; lastKnownFileType = text.plist.xml; path = Info.plist; sourceTree = "<group>"; };
		1825DD961CE7204200AC81D5 /* SwfitWeiBoUITests.xctest */ = {isa = PBXFileReference; explicitFileType = wrapper.cfbundle; includeInIndex = 0; path = SwfitWeiBoUITests.xctest; sourceTree = BUILT_PRODUCTS_DIR; };
		1825DD9A1CE7204200AC81D5 /* SwfitWeiBoUITests.swift */ = {isa = PBXFileReference; lastKnownFileType = sourcecode.swift; path = SwfitWeiBoUITests.swift; sourceTree = "<group>"; };
		1825DD9C1CE7204200AC81D5 /* Info.plist */ = {isa = PBXFileReference; lastKnownFileType = text.plist.xml; path = Info.plist; sourceTree = "<group>"; };
		1825DDAD1CE721BB00AC81D5 /* ViewControllers.json */ = {isa = PBXFileReference; fileEncoding = 4; lastKnownFileType = text.json; path = ViewControllers.json; sourceTree = "<group>"; };
		1825DDAE1CE721BB00AC81D5 /* ZEMainViewController.swift */ = {isa = PBXFileReference; fileEncoding = 4; lastKnownFileType = sourcecode.swift; path = ZEMainViewController.swift; sourceTree = "<group>"; };
		1825DDB21CE7222500AC81D5 /* ZEHomeTableViewController.swift */ = {isa = PBXFileReference; fileEncoding = 4; lastKnownFileType = sourcecode.swift; path = ZEHomeTableViewController.swift; sourceTree = "<group>"; };
		1825DDB41CE7224700AC81D5 /* ZEFindTableViewController.swift */ = {isa = PBXFileReference; fileEncoding = 4; lastKnownFileType = sourcecode.swift; path = ZEFindTableViewController.swift; sourceTree = "<group>"; };
		1825DDB61CE7225200AC81D5 /* ZEMeTableViewController.swift */ = {isa = PBXFileReference; fileEncoding = 4; lastKnownFileType = sourcecode.swift; path = ZEMeTableViewController.swift; sourceTree = "<group>"; };
		1825DDB81CE7225A00AC81D5 /* ZEMessageTableViewController.swift */ = {isa = PBXFileReference; fileEncoding = 4; lastKnownFileType = sourcecode.swift; path = ZEMessageTableViewController.swift; sourceTree = "<group>"; };
		1825DDBA1CE7330600AC81D5 /* ZENullViewController.swift */ = {isa = PBXFileReference; fileEncoding = 4; lastKnownFileType = sourcecode.swift; path = ZENullViewController.swift; sourceTree = "<group>"; };
		1825DDBC1CE733A000AC81D5 /* Images.xcassets */ = {isa = PBXFileReference; lastKnownFileType = folder.assetcatalog; path = Images.xcassets; sourceTree = "<group>"; };
		1825DDBE1CE7676C00AC81D5 /* ZEBaseTableViewController.swift */ = {isa = PBXFileReference; fileEncoding = 4; lastKnownFileType = sourcecode.swift; path = ZEBaseTableViewController.swift; sourceTree = "<group>"; };
		184E29021CF7E640006198A9 /* ZENameQRCodeViewController.swift */ = {isa = PBXFileReference; fileEncoding = 4; lastKnownFileType = sourcecode.swift; path = ZENameQRCodeViewController.swift; sourceTree = "<group>"; };
		1855C9AC1CEA2460006A19CA /* PopViewController.storyboard */ = {isa = PBXFileReference; fileEncoding = 4; lastKnownFileType = file.storyboard; path = PopViewController.storyboard; sourceTree = "<group>"; };
		1855C9AE1CEA295D006A19CA /* ZEPopPresentationController.swift */ = {isa = PBXFileReference; fileEncoding = 4; lastKnownFileType = sourcecode.swift; path = ZEPopPresentationController.swift; sourceTree = "<group>"; };
		18706B0A1CECAC2B00EE94F0 /* ZEPopverAnimator.swift */ = {isa = PBXFileReference; fileEncoding = 4; lastKnownFileType = sourcecode.swift; path = ZEPopverAnimator.swift; sourceTree = "<group>"; };
		187B2A121CEDFF37009AC932 /* ZEQRCodeViewController.swift */ = {isa = PBXFileReference; fileEncoding = 4; lastKnownFileType = sourcecode.swift; path = ZEQRCodeViewController.swift; sourceTree = "<group>"; };
		187B2A161CEDFF63009AC932 /* QRCode.storyboard */ = {isa = PBXFileReference; fileEncoding = 4; lastKnownFileType = file.storyboard; path = QRCode.storyboard; sourceTree = "<group>"; };
		18BCC1621CE87F670036B280 /* UIBarButtonItem+Category.swift */ = {isa = PBXFileReference; fileEncoding = 4; lastKnownFileType = sourcecode.swift; path = "UIBarButtonItem+Category.swift"; sourceTree = "<group>"; };
		18BCC1641CE8899B0036B280 /* ZETitileButton.swift */ = {isa = PBXFileReference; fileEncoding = 4; lastKnownFileType = sourcecode.swift; path = ZETitileButton.swift; sourceTree = "<group>"; };
		290C34E02BDD4FC25B7B004F /* Pods.debug.xcconfig */ = {isa = PBXFileReference; includeInIndex = 1; lastKnownFileType = text.xcconfig; name = Pods.debug.xcconfig; path = "Pods/Target Support Files/Pods/Pods.debug.xcconfig"; sourceTree = "<group>"; };
		C7FCA90B50CB300E5DF2FF12 /* Pods.framework */ = {isa = PBXFileReference; explicitFileType = wrapper.framework; includeInIndex = 0; path = Pods.framework; sourceTree = BUILT_PRODUCTS_DIR; };
		D603729802DEDC543F10A093 /* Pods.release.xcconfig */ = {isa = PBXFileReference; includeInIndex = 1; lastKnownFileType = text.xcconfig; name = Pods.release.xcconfig; path = "Pods/Target Support Files/Pods/Pods.release.xcconfig"; sourceTree = "<group>"; };
/* End PBXFileReference section */

/* Begin PBXFrameworksBuildPhase section */
		1825DD741CE7204200AC81D5 /* Frameworks */ = {
			isa = PBXFrameworksBuildPhase;
			buildActionMask = 2147483647;
			files = (
				3EB9925D2B5FCECD8D9DB0CB /* Pods.framework in Frameworks */,
			);
			runOnlyForDeploymentPostprocessing = 0;
		};
		1825DD881CE7204200AC81D5 /* Frameworks */ = {
			isa = PBXFrameworksBuildPhase;
			buildActionMask = 2147483647;
			files = (
			);
			runOnlyForDeploymentPostprocessing = 0;
		};
		1825DD931CE7204200AC81D5 /* Frameworks */ = {
			isa = PBXFrameworksBuildPhase;
			buildActionMask = 2147483647;
			files = (
			);
			runOnlyForDeploymentPostprocessing = 0;
		};
/* End PBXFrameworksBuildPhase section */

/* Begin PBXGroup section */
		0505E928BB2292F21CDAC43A /* Pods */ = {
			isa = PBXGroup;
			children = (
				290C34E02BDD4FC25B7B004F /* Pods.debug.xcconfig */,
				D603729802DEDC543F10A093 /* Pods.release.xcconfig */,
			);
			name = Pods;
			sourceTree = "<group>";
		};
		1825DD6E1CE7204200AC81D5 = {
			isa = PBXGroup;
			children = (
				1825DD791CE7204200AC81D5 /* SwfitWeiBo */,
				1825DD8E1CE7204200AC81D5 /* SwfitWeiBoTests */,
				1825DD991CE7204200AC81D5 /* SwfitWeiBoUITests */,
				1825DD781CE7204200AC81D5 /* Products */,
				0505E928BB2292F21CDAC43A /* Pods */,
				4219FABA29C08750099D0A05 /* Frameworks */,
			);
			sourceTree = "<group>";
		};
		1825DD781CE7204200AC81D5 /* Products */ = {
			isa = PBXGroup;
			children = (
				1825DD771CE7204200AC81D5 /* SwfitWeiBo.app */,
				1825DD8B1CE7204200AC81D5 /* SwfitWeiBoTests.xctest */,
				1825DD961CE7204200AC81D5 /* SwfitWeiBoUITests.xctest */,
			);
			name = Products;
			sourceTree = "<group>";
		};
		1825DD791CE7204200AC81D5 /* SwfitWeiBo */ = {
			isa = PBXGroup;
			children = (
				1825DD7A1CE7204200AC81D5 /* AppDelegate.swift */,
				1825DDA81CE721AE00AC81D5 /* Classes */,
				1825DD7C1CE7204200AC81D5 /* ViewController.swift */,
				1825DD7E1CE7204200AC81D5 /* Main.storyboard */,
				1825DD811CE7204200AC81D5 /* Assets.xcassets */,
				1825DD861CE7204200AC81D5 /* Info.plist */,
				1825DDBC1CE733A000AC81D5 /* Images.xcassets */,
			);
			path = SwfitWeiBo;
			sourceTree = "<group>";
		};
		1825DD8E1CE7204200AC81D5 /* SwfitWeiBoTests */ = {
			isa = PBXGroup;
			children = (
				1825DD8F1CE7204200AC81D5 /* SwfitWeiBoTests.swift */,
				1825DD911CE7204200AC81D5 /* Info.plist */,
			);
			path = SwfitWeiBoTests;
			sourceTree = "<group>";
		};
		1825DD991CE7204200AC81D5 /* SwfitWeiBoUITests */ = {
			isa = PBXGroup;
			children = (
				1825DD9A1CE7204200AC81D5 /* SwfitWeiBoUITests.swift */,
				1825DD9C1CE7204200AC81D5 /* Info.plist */,
			);
			path = SwfitWeiBoUITests;
			sourceTree = "<group>";
		};
		1825DDA81CE721AE00AC81D5 /* Classes */ = {
			isa = PBXGroup;
			children = (
				18BCC15F1CE87EE60036B280 /* Common */,
				1825DDAA1CE721AE00AC81D5 /* Main */,
				1825DDB11CE7220C00AC81D5 /* Home */,
				1825DDA91CE721AE00AC81D5 /* Find */,
				1825DDAB1CE721AE00AC81D5 /* Me */,
				1825DDAC1CE721AE00AC81D5 /* Message */,
			);
			path = Classes;
			sourceTree = "<group>";
		};
		1825DDA91CE721AE00AC81D5 /* Find */ = {
			isa = PBXGroup;
			children = (
				1825DDB41CE7224700AC81D5 /* ZEFindTableViewController.swift */,
			);
			path = Find;
			sourceTree = "<group>";
		};
		1825DDAA1CE721AE00AC81D5 /* Main */ = {
			isa = PBXGroup;
			children = (
				1825DDAD1CE721BB00AC81D5 /* ViewControllers.json */,
				1825DDAE1CE721BB00AC81D5 /* ZEMainViewController.swift */,
				1825DDBA1CE7330600AC81D5 /* ZENullViewController.swift */,
				1825DDBE1CE7676C00AC81D5 /* ZEBaseTableViewController.swift */,
				180731061CE77C090040D444 /* ZEVisitorView.swift */,
			);
			path = Main;
			sourceTree = "<group>";
		};
		1825DDAB1CE721AE00AC81D5 /* Me */ = {
			isa = PBXGroup;
			children = (
				1825DDB61CE7225200AC81D5 /* ZEMeTableViewController.swift */,
			);
			path = Me;
			sourceTree = "<group>";
		};
		1825DDAC1CE721AE00AC81D5 /* Message */ = {
			isa = PBXGroup;
			children = (
				1825DDB81CE7225A00AC81D5 /* ZEMessageTableViewController.swift */,
			);
			path = Message;
			sourceTree = "<group>";
		};
		1825DDB11CE7220C00AC81D5 /* Home */ = {
			isa = PBXGroup;
			children = (
				187B2A111CEDFF09009AC932 /* QRCode */,
				1855C9AB1CEA242B006A19CA /* Pop */,
				1825DDB21CE7222500AC81D5 /* ZEHomeTableViewController.swift */,
				18706B0A1CECAC2B00EE94F0 /* ZEPopverAnimator.swift */,
				18BCC1641CE8899B0036B280 /* ZETitileButton.swift */,
			);
			path = Home;
			sourceTree = "<group>";
		};
		1855C9AB1CEA242B006A19CA /* Pop */ = {
			isa = PBXGroup;
			children = (
				1855C9AC1CEA2460006A19CA /* PopViewController.storyboard */,
				1855C9AE1CEA295D006A19CA /* ZEPopPresentationController.swift */,
			);
			path = Pop;
			sourceTree = "<group>";
		};
		187B2A111CEDFF09009AC932 /* QRCode */ = {
			isa = PBXGroup;
			children = (
				187B2A121CEDFF37009AC932 /* ZEQRCodeViewController.swift */,
				187B2A161CEDFF63009AC932 /* QRCode.storyboard */,
				184E29021CF7E640006198A9 /* ZENameQRCodeViewController.swift */,
			);
			path = QRCode;
			sourceTree = "<group>";
		};
		18BCC15F1CE87EE60036B280 /* Common */ = {
			isa = PBXGroup;
			children = (
				18BCC1621CE87F670036B280 /* UIBarButtonItem+Category.swift */,
			);
			path = Common;
			sourceTree = "<group>";
		};
		4219FABA29C08750099D0A05 /* Frameworks */ = {
			isa = PBXGroup;
			children = (
				C7FCA90B50CB300E5DF2FF12 /* Pods.framework */,
			);
			name = Frameworks;
			sourceTree = "<group>";
		};
/* End PBXGroup section */

/* Begin PBXNativeTarget section */
		1825DD761CE7204200AC81D5 /* SwfitWeiBo */ = {
			isa = PBXNativeTarget;
			buildConfigurationList = 1825DD9F1CE7204200AC81D5 /* Build configuration list for PBXNativeTarget "SwfitWeiBo" */;
			buildPhases = (
				BFAAAB97EC61C89AC69FC0B8 /* Check Pods Manifest.lock */,
				1825DD731CE7204200AC81D5 /* Sources */,
				1825DD741CE7204200AC81D5 /* Frameworks */,
				1825DD751CE7204200AC81D5 /* Resources */,
				41C8DF017FB936BE16F0CF80 /* Embed Pods Frameworks */,
				CBDE14C5DCFA1A02DA930244 /* Copy Pods Resources */,
				184E29041CF82524006198A9 /* CopyFiles */,
			);
			buildRules = (
			);
			dependencies = (
			);
			name = SwfitWeiBo;
			productName = SwfitWeiBo;
			productReference = 1825DD771CE7204200AC81D5 /* SwfitWeiBo.app */;
			productType = "com.apple.product-type.application";
		};
		1825DD8A1CE7204200AC81D5 /* SwfitWeiBoTests */ = {
			isa = PBXNativeTarget;
			buildConfigurationList = 1825DDA21CE7204200AC81D5 /* Build configuration list for PBXNativeTarget "SwfitWeiBoTests" */;
			buildPhases = (
				1825DD871CE7204200AC81D5 /* Sources */,
				1825DD881CE7204200AC81D5 /* Frameworks */,
				1825DD891CE7204200AC81D5 /* Resources */,
			);
			buildRules = (
			);
			dependencies = (
				1825DD8D1CE7204200AC81D5 /* PBXTargetDependency */,
			);
			name = SwfitWeiBoTests;
			productName = SwfitWeiBoTests;
			productReference = 1825DD8B1CE7204200AC81D5 /* SwfitWeiBoTests.xctest */;
			productType = "com.apple.product-type.bundle.unit-test";
		};
		1825DD951CE7204200AC81D5 /* SwfitWeiBoUITests */ = {
			isa = PBXNativeTarget;
			buildConfigurationList = 1825DDA51CE7204200AC81D5 /* Build configuration list for PBXNativeTarget "SwfitWeiBoUITests" */;
			buildPhases = (
				1825DD921CE7204200AC81D5 /* Sources */,
				1825DD931CE7204200AC81D5 /* Frameworks */,
				1825DD941CE7204200AC81D5 /* Resources */,
			);
			buildRules = (
			);
			dependencies = (
				1825DD981CE7204200AC81D5 /* PBXTargetDependency */,
			);
			name = SwfitWeiBoUITests;
			productName = SwfitWeiBoUITests;
			productReference = 1825DD961CE7204200AC81D5 /* SwfitWeiBoUITests.xctest */;
			productType = "com.apple.product-type.bundle.ui-testing";
		};
/* End PBXNativeTarget section */

/* Begin PBXProject section */
		1825DD6F1CE7204200AC81D5 /* Project object */ = {
			isa = PBXProject;
			attributes = {
				CLASSPREFIX = ZE;
				LastSwiftUpdateCheck = 0730;
				LastUpgradeCheck = 0730;
				ORGANIZATIONNAME = lieon;
				TargetAttributes = {
					1825DD761CE7204200AC81D5 = {
						CreatedOnToolsVersion = 7.3.1;
						DevelopmentTeam = TZJJ834BD2;
					};
					1825DD8A1CE7204200AC81D5 = {
						CreatedOnToolsVersion = 7.3.1;
						TestTargetID = 1825DD761CE7204200AC81D5;
					};
					1825DD951CE7204200AC81D5 = {
						CreatedOnToolsVersion = 7.3.1;
						TestTargetID = 1825DD761CE7204200AC81D5;
					};
				};
			};
			buildConfigurationList = 1825DD721CE7204200AC81D5 /* Build configuration list for PBXProject "SwfitWeiBo" */;
			compatibilityVersion = "Xcode 3.2";
			developmentRegion = English;
			hasScannedForEncodings = 0;
			knownRegions = (
				en,
				Base,
			);
			mainGroup = 1825DD6E1CE7204200AC81D5;
			productRefGroup = 1825DD781CE7204200AC81D5 /* Products */;
			projectDirPath = "";
			projectRoot = "";
			targets = (
				1825DD761CE7204200AC81D5 /* SwfitWeiBo */,
				1825DD8A1CE7204200AC81D5 /* SwfitWeiBoTests */,
				1825DD951CE7204200AC81D5 /* SwfitWeiBoUITests */,
			);
		};
/* End PBXProject section */

/* Begin PBXResourcesBuildPhase section */
		1825DD751CE7204200AC81D5 /* Resources */ = {
			isa = PBXResourcesBuildPhase;
			buildActionMask = 2147483647;
			files = (
				1825DD821CE7204200AC81D5 /* Assets.xcassets in Resources */,
				1825DDBD1CE733A000AC81D5 /* Images.xcassets in Resources */,
				1825DDAF1CE721BB00AC81D5 /* ViewControllers.json in Resources */,
				1825DD801CE7204200AC81D5 /* Main.storyboard in Resources */,
				187B2A171CEDFF63009AC932 /* QRCode.storyboard in Resources */,
				1855C9AD1CEA2460006A19CA /* PopViewController.storyboard in Resources */,
			);
			runOnlyForDeploymentPostprocessing = 0;
		};
		1825DD891CE7204200AC81D5 /* Resources */ = {
			isa = PBXResourcesBuildPhase;
			buildActionMask = 2147483647;
			files = (
			);
			runOnlyForDeploymentPostprocessing = 0;
		};
		1825DD941CE7204200AC81D5 /* Resources */ = {
			isa = PBXResourcesBuildPhase;
			buildActionMask = 2147483647;
			files = (
			);
			runOnlyForDeploymentPostprocessing = 0;
		};
/* End PBXResourcesBuildPhase section */

/* Begin PBXShellScriptBuildPhase section */
		41C8DF017FB936BE16F0CF80 /* Embed Pods Frameworks */ = {
			isa = PBXShellScriptBuildPhase;
			buildActionMask = 2147483647;
			files = (
			);
			inputPaths = (
			);
			name = "Embed Pods Frameworks";
			outputPaths = (
			);
			runOnlyForDeploymentPostprocessing = 0;
			shellPath = /bin/sh;
			shellScript = "\"${SRCROOT}/Pods/Target Support Files/Pods/Pods-frameworks.sh\"\n";
			showEnvVarsInLog = 0;
		};
		BFAAAB97EC61C89AC69FC0B8 /* Check Pods Manifest.lock */ = {
			isa = PBXShellScriptBuildPhase;
			buildActionMask = 2147483647;
			files = (
			);
			inputPaths = (
			);
			name = "Check Pods Manifest.lock";
			outputPaths = (
			);
			runOnlyForDeploymentPostprocessing = 0;
			shellPath = /bin/sh;
			shellScript = "diff \"${PODS_ROOT}/../Podfile.lock\" \"${PODS_ROOT}/Manifest.lock\" > /dev/null\nif [[ $? != 0 ]] ; then\n    cat << EOM\nerror: The sandbox is not in sync with the Podfile.lock. Run 'pod install' or update your CocoaPods installation.\nEOM\n    exit 1\nfi\n";
			showEnvVarsInLog = 0;
		};
		CBDE14C5DCFA1A02DA930244 /* Copy Pods Resources */ = {
			isa = PBXShellScriptBuildPhase;
			buildActionMask = 2147483647;
			files = (
			);
			inputPaths = (
			);
			name = "Copy Pods Resources";
			outputPaths = (
			);
			runOnlyForDeploymentPostprocessing = 0;
			shellPath = /bin/sh;
			shellScript = "\"${SRCROOT}/Pods/Target Support Files/Pods/Pods-resources.sh\"\n";
			showEnvVarsInLog = 0;
		};
/* End PBXShellScriptBuildPhase section */

/* Begin PBXSourcesBuildPhase section */
		1825DD731CE7204200AC81D5 /* Sources */ = {
			isa = PBXSourcesBuildPhase;
			buildActionMask = 2147483647;
			files = (
				184E29031CF7E640006198A9 /* ZENameQRCodeViewController.swift in Sources */,
				1825DDBF1CE7676C00AC81D5 /* ZEBaseTableViewController.swift in Sources */,
				18BCC1651CE8899B0036B280 /* ZETitileButton.swift in Sources */,
				1825DDB71CE7225200AC81D5 /* ZEMeTableViewController.swift in Sources */,
				18706B0B1CECAC2B00EE94F0 /* ZEPopverAnimator.swift in Sources */,
				1855C9AF1CEA295D006A19CA /* ZEPopPresentationController.swift in Sources */,
				1825DD7D1CE7204200AC81D5 /* ViewController.swift in Sources */,
				1825DDB51CE7224700AC81D5 /* ZEFindTableViewController.swift in Sources */,
				180731071CE77C090040D444 /* ZEVisitorView.swift in Sources */,
				18BCC1631CE87F670036B280 /* UIBarButtonItem+Category.swift in Sources */,
				1825DDB31CE7222500AC81D5 /* ZEHomeTableViewController.swift in Sources */,
				1825DD7B1CE7204200AC81D5 /* AppDelegate.swift in Sources */,
				187B2A141CEDFF37009AC932 /* ZEQRCodeViewController.swift in Sources */,
				1825DDB01CE721BB00AC81D5 /* ZEMainViewController.swift in Sources */,
				1825DDBB1CE7330600AC81D5 /* ZENullViewController.swift in Sources */,
				1825DDB91CE7225A00AC81D5 /* ZEMessageTableViewController.swift in Sources */,
			);
			runOnlyForDeploymentPostprocessing = 0;
		};
		1825DD871CE7204200AC81D5 /* Sources */ = {
			isa = PBXSourcesBuildPhase;
			buildActionMask = 2147483647;
			files = (
				1825DD901CE7204200AC81D5 /* SwfitWeiBoTests.swift in Sources */,
			);
			runOnlyForDeploymentPostprocessing = 0;
		};
		1825DD921CE7204200AC81D5 /* Sources */ = {
			isa = PBXSourcesBuildPhase;
			buildActionMask = 2147483647;
			files = (
				1825DD9B1CE7204200AC81D5 /* SwfitWeiBoUITests.swift in Sources */,
			);
			runOnlyForDeploymentPostprocessing = 0;
		};
/* End PBXSourcesBuildPhase section */

/* Begin PBXTargetDependency section */
		1825DD8D1CE7204200AC81D5 /* PBXTargetDependency */ = {
			isa = PBXTargetDependency;
			target = 1825DD761CE7204200AC81D5 /* SwfitWeiBo */;
			targetProxy = 1825DD8C1CE7204200AC81D5 /* PBXContainerItemProxy */;
		};
		1825DD981CE7204200AC81D5 /* PBXTargetDependency */ = {
			isa = PBXTargetDependency;
			target = 1825DD761CE7204200AC81D5 /* SwfitWeiBo */;
			targetProxy = 1825DD971CE7204200AC81D5 /* PBXContainerItemProxy */;
		};
/* End PBXTargetDependency section */

/* Begin PBXVariantGroup section */
		1825DD7E1CE7204200AC81D5 /* Main.storyboard */ = {
			isa = PBXVariantGroup;
			children = (
				1825DD7F1CE7204200AC81D5 /* Base */,
			);
			name = Main.storyboard;
			sourceTree = "<group>";
		};
/* End PBXVariantGroup section */

/* Begin XCBuildConfiguration section */
		1825DD9D1CE7204200AC81D5 /* Debug */ = {
			isa = XCBuildConfiguration;
			buildSettings = {
				ALWAYS_SEARCH_USER_PATHS = NO;
				CLANG_ANALYZER_NONNULL = YES;
				CLANG_CXX_LANGUAGE_STANDARD = "gnu++0x";
				CLANG_CXX_LIBRARY = "libc++";
				CLANG_ENABLE_MODULES = YES;
				CLANG_ENABLE_OBJC_ARC = YES;
				CLANG_WARN_BOOL_CONVERSION = YES;
				CLANG_WARN_CONSTANT_CONVERSION = YES;
				CLANG_WARN_DIRECT_OBJC_ISA_USAGE = YES_ERROR;
				CLANG_WARN_EMPTY_BODY = YES;
				CLANG_WARN_ENUM_CONVERSION = YES;
				CLANG_WARN_INT_CONVERSION = YES;
				CLANG_WARN_OBJC_ROOT_CLASS = YES_ERROR;
				CLANG_WARN_UNREACHABLE_CODE = YES;
				CLANG_WARN__DUPLICATE_METHOD_MATCH = YES;
				"CODE_SIGN_IDENTITY[sdk=iphoneos*]" = "iPhone Developer";
				COPY_PHASE_STRIP = NO;
				DEBUG_INFORMATION_FORMAT = dwarf;
				ENABLE_STRICT_OBJC_MSGSEND = YES;
				ENABLE_TESTABILITY = YES;
				GCC_C_LANGUAGE_STANDARD = gnu99;
				GCC_DYNAMIC_NO_PIC = NO;
				GCC_NO_COMMON_BLOCKS = YES;
				GCC_OPTIMIZATION_LEVEL = 0;
				GCC_PREPROCESSOR_DEFINITIONS = (
					"DEBUG=1",
					"$(inherited)",
				);
				GCC_WARN_64_TO_32_BIT_CONVERSION = YES;
				GCC_WARN_ABOUT_RETURN_TYPE = YES_ERROR;
				GCC_WARN_UNDECLARED_SELECTOR = YES;
				GCC_WARN_UNINITIALIZED_AUTOS = YES_AGGRESSIVE;
				GCC_WARN_UNUSED_FUNCTION = YES;
				GCC_WARN_UNUSED_VARIABLE = YES;
				IPHONEOS_DEPLOYMENT_TARGET = 9.3;
				MTL_ENABLE_DEBUG_INFO = YES;
				ONLY_ACTIVE_ARCH = YES;
				SDKROOT = iphoneos;
				SWIFT_OPTIMIZATION_LEVEL = "-Onone";
				TARGETED_DEVICE_FAMILY = "1,2";
			};
			name = Debug;
		};
		1825DD9E1CE7204200AC81D5 /* Release */ = {
			isa = XCBuildConfiguration;
			buildSettings = {
				ALWAYS_SEARCH_USER_PATHS = NO;
				CLANG_ANALYZER_NONNULL = YES;
				CLANG_CXX_LANGUAGE_STANDARD = "gnu++0x";
				CLANG_CXX_LIBRARY = "libc++";
				CLANG_ENABLE_MODULES = YES;
				CLANG_ENABLE_OBJC_ARC = YES;
				CLANG_WARN_BOOL_CONVERSION = YES;
				CLANG_WARN_CONSTANT_CONVERSION = YES;
				CLANG_WARN_DIRECT_OBJC_ISA_USAGE = YES_ERROR;
				CLANG_WARN_EMPTY_BODY = YES;
				CLANG_WARN_ENUM_CONVERSION = YES;
				CLANG_WARN_INT_CONVERSION = YES;
				CLANG_WARN_OBJC_ROOT_CLASS = YES_ERROR;
				CLANG_WARN_UNREACHABLE_CODE = YES;
				CLANG_WARN__DUPLICATE_METHOD_MATCH = YES;
				"CODE_SIGN_IDENTITY[sdk=iphoneos*]" = "iPhone Developer";
				COPY_PHASE_STRIP = NO;
				DEBUG_INFORMATION_FORMAT = "dwarf-with-dsym";
				ENABLE_NS_ASSERTIONS = NO;
				ENABLE_STRICT_OBJC_MSGSEND = YES;
				GCC_C_LANGUAGE_STANDARD = gnu99;
				GCC_NO_COMMON_BLOCKS = YES;
				GCC_WARN_64_TO_32_BIT_CONVERSION = YES;
				GCC_WARN_ABOUT_RETURN_TYPE = YES_ERROR;
				GCC_WARN_UNDECLARED_SELECTOR = YES;
				GCC_WARN_UNINITIALIZED_AUTOS = YES_AGGRESSIVE;
				GCC_WARN_UNUSED_FUNCTION = YES;
				GCC_WARN_UNUSED_VARIABLE = YES;
				IPHONEOS_DEPLOYMENT_TARGET = 9.3;
				MTL_ENABLE_DEBUG_INFO = NO;
				SDKROOT = iphoneos;
				TARGETED_DEVICE_FAMILY = "1,2";
				VALIDATE_PRODUCT = YES;
			};
			name = Release;
		};
		1825DDA01CE7204200AC81D5 /* Debug */ = {
			isa = XCBuildConfiguration;
			baseConfigurationReference = 290C34E02BDD4FC25B7B004F /* Pods.debug.xcconfig */;
			buildSettings = {
				ASSETCATALOG_COMPILER_APPICON_NAME = AppIcon;
				ASSETCATALOG_COMPILER_LAUNCHIMAGE_NAME = LaunchImage;
				CODE_SIGN_IDENTITY = "iPhone Developer";
				INFOPLIST_FILE = SwfitWeiBo/Info.plist;
				LD_RUNPATH_SEARCH_PATHS = "$(inherited) @executable_path/Frameworks";
				PRODUCT_BUNDLE_IDENTIFIER = com.zowee.SwfitWeiBo;
				PRODUCT_NAME = "$(TARGET_NAME)";
				TARGETED_DEVICE_FAMILY = "1,2";
			};
			name = Debug;
		};
		1825DDA11CE7204200AC81D5 /* Release */ = {
			isa = XCBuildConfiguration;
			baseConfigurationReference = D603729802DEDC543F10A093 /* Pods.release.xcconfig */;
			buildSettings = {
				ASSETCATALOG_COMPILER_APPICON_NAME = AppIcon;
				ASSETCATALOG_COMPILER_LAUNCHIMAGE_NAME = LaunchImage;
				CODE_SIGN_IDENTITY = "iPhone Developer";
				INFOPLIST_FILE = SwfitWeiBo/Info.plist;
				LD_RUNPATH_SEARCH_PATHS = "$(inherited) @executable_path/Frameworks";
				PRODUCT_BUNDLE_IDENTIFIER = com.zowee.SwfitWeiBo;
				PRODUCT_NAME = "$(TARGET_NAME)";
				TARGETED_DEVICE_FAMILY = "1,2";
			};
			name = Release;
		};
		1825DDA31CE7204200AC81D5 /* Debug */ = {
			isa = XCBuildConfiguration;
			buildSettings = {
				BUNDLE_LOADER = "$(TEST_HOST)";
				INFOPLIST_FILE = SwfitWeiBoTests/Info.plist;
				LD_RUNPATH_SEARCH_PATHS = "$(inherited) @executable_path/Frameworks @loader_path/Frameworks";
				PRODUCT_BUNDLE_IDENTIFIER = com.zowee.SwfitWeiBoTests;
				PRODUCT_NAME = "$(TARGET_NAME)";
				TEST_HOST = "$(BUILT_PRODUCTS_DIR)/SwfitWeiBo.app/SwfitWeiBo";
			};
			name = Debug;
		};
		1825DDA41CE7204200AC81D5 /* Release */ = {
			isa = XCBuildConfiguration;
			buildSettings = {
				BUNDLE_LOADER = "$(TEST_HOST)";
				INFOPLIST_FILE = SwfitWeiBoTests/Info.plist;
				LD_RUNPATH_SEARCH_PATHS = "$(inherited) @executable_path/Frameworks @loader_path/Frameworks";
				PRODUCT_BUNDLE_IDENTIFIER = com.zowee.SwfitWeiBoTests;
				PRODUCT_NAME = "$(TARGET_NAME)";
				TEST_HOST = "$(BUILT_PRODUCTS_DIR)/SwfitWeiBo.app/SwfitWeiBo";
			};
			name = Release;
		};
		1825DDA61CE7204200AC81D5 /* Debug */ = {
			isa = XCBuildConfiguration;
			buildSettings = {
				INFOPLIST_FILE = SwfitWeiBoUITests/Info.plist;
				LD_RUNPATH_SEARCH_PATHS = "$(inherited) @executable_path/Frameworks @loader_path/Frameworks";
				PRODUCT_BUNDLE_IDENTIFIER = com.zowee.SwfitWeiBoUITests;
				PRODUCT_NAME = "$(TARGET_NAME)";
				TEST_TARGET_NAME = SwfitWeiBo;
			};
			name = Debug;
		};
		1825DDA71CE7204200AC81D5 /* Release */ = {
			isa = XCBuildConfiguration;
			buildSettings = {
				INFOPLIST_FILE = SwfitWeiBoUITests/Info.plist;
				LD_RUNPATH_SEARCH_PATHS = "$(inherited) @executable_path/Frameworks @loader_path/Frameworks";
				PRODUCT_BUNDLE_IDENTIFIER = com.zowee.SwfitWeiBoUITests;
				PRODUCT_NAME = "$(TARGET_NAME)";
				TEST_TARGET_NAME = SwfitWeiBo;
			};
			name = Release;
		};
/* End XCBuildConfiguration section */

/* Begin XCConfigurationList section */
		1825DD721CE7204200AC81D5 /* Build configuration list for PBXProject "SwfitWeiBo" */ = {
			isa = XCConfigurationList;
			buildConfigurations = (
				1825DD9D1CE7204200AC81D5 /* Debug */,
				1825DD9E1CE7204200AC81D5 /* Release */,
			);
			defaultConfigurationIsVisible = 0;
			defaultConfigurationName = Release;
		};
		1825DD9F1CE7204200AC81D5 /* Build configuration list for PBXNativeTarget "SwfitWeiBo" */ = {
			isa = XCConfigurationList;
			buildConfigurations = (
				1825DDA01CE7204200AC81D5 /* Debug */,
				1825DDA11CE7204200AC81D5 /* Release */,
			);
			defaultConfigurationIsVisible = 0;
			defaultConfigurationName = Release;
		};
		1825DDA21CE7204200AC81D5 /* Build configuration list for PBXNativeTarget "SwfitWeiBoTests" */ = {
			isa = XCConfigurationList;
			buildConfigurations = (
				1825DDA31CE7204200AC81D5 /* Debug */,
				1825DDA41CE7204200AC81D5 /* Release */,
			);
			defaultConfigurationIsVisible = 0;
			defaultConfigurationName = Release;
		};
		1825DDA51CE7204200AC81D5 /* Build configuration list for PBXNativeTarget "SwfitWeiBoUITests" */ = {
			isa = XCConfigurationList;
			buildConfigurations = (
				1825DDA61CE7204200AC81D5 /* Debug */,
				1825DDA71CE7204200AC81D5 /* Release */,
			);
			defaultConfigurationIsVisible = 0;
			defaultConfigurationName = Release;
		};
/* End XCConfigurationList section */
	};
	rootObject = 1825DD6F1CE7204200AC81D5 /* Project object */;
}
